
Microsoft Visual Studio Solution File, Format Version 11.00
# Visual Studio 2010
Project("{FAE04EC0-301F-11D3-BF4B-00C04F79EFBC}") = "tic-tac-toe", "tic-tac-toe.csproj", "{B44770D6-4E61-42CE-A2CF-110A810CD413}"
EndProject
Global
	GlobalSection(SolutionConfigurationPlatforms) = preSolution
		Debug|Any CPU = Debug|Any CPU
		Release|Any CPU = Release|Any CPU
	EndGlobalSection
	GlobalSection(ProjectConfigurationPlatforms) = postSolution
		{B44770D6-4E61-42CE-A2CF-110A810CD413}.Debug|Any CPU.ActiveCfg = Debug|Any CPU
		{B44770D6-4E61-42CE-A2CF-110A810CD413}.Debug|Any CPU.Build.0 = Debug|Any CPU
		{B44770D6-4E61-42CE-A2CF-110A810CD413}.Release|Any CPU.ActiveCfg = Release|Any CPU
		{B44770D6-4E61-42CE-A2CF-110A810CD413}.Release|Any CPU.Build.0 = Release|Any CPU
	EndGlobalSection
	GlobalSection(MonoDevelopProperties) = preSolution
		StartupItem = tic-tac-toe.csproj
		outputpath = ..\..\..\..\dotNET\ServiceStack.Hello\ServiceStack.Hello\tic-tac-toe\build\bin
	EndGlobalSection
EndGlobal
